
Microsoft Visual Studio Solution File, Format Version 12.00
# Visual Studio Express 2013 for Web
VisualStudioVersion = 12.0.21005.1
MinimumVisualStudioVersion = 10.0.40219.1
Project("{FAE04EC0-301F-11D3-BF4B-00C04F79EFBC}") = "Pecuniaus.Web", "Pecuniaus.Web\Pecuniaus.Web.csproj", "{36F51BFF-4CF8-4D95-8F27-40802F5D9F16}"
	ProjectSection(ProjectDependencies) = postProject
		{AE9BF60E-706A-47B7-B5D0-B475591625D9} = {AE9BF60E-706A-47B7-B5D0-B475591625D9}
		{8A259E22-D763-4A53-A2B9-583A985616F9} = {8A259E22-D763-4A53-A2B9-583A985616F9}
		{5C95E137-F995-4AA0-AA45-2BD1AEF22ACB} = {5C95E137-F995-4AA0-AA45-2BD1AEF22ACB}
		{27CBF56F-9E32-4C16-974C-6C61EC94A5D0} = {27CBF56F-9E32-4C16-974C-6C61EC94A5D0}
		{227FCB7D-1B1F-4D0C-B316-95BAEB3A80F2} = {227FCB7D-1B1F-4D0C-B316-95BAEB3A80F2}
		{6B42BE7E-8C83-4845-81B4-E5CB1678C2EC} = {6B42BE7E-8C83-4845-81B4-E5CB1678C2EC}
		{8314C5A0-2794-4135-8B53-9D66F0AE0E1E} = {8314C5A0-2794-4135-8B53-9D66F0AE0E1E}
		{C3759FBA-C734-41FF-996B-2BE9DB9BDC7A} = {C3759FBA-C734-41FF-996B-2BE9DB9BDC7A}
		{B2BAEBC9-9AA1-4303-919F-20F91AA49BE8} = {B2BAEBC9-9AA1-4303-919F-20F91AA49BE8}
		{3B0856CE-7CB9-490C-B66A-F311527AC98E} = {3B0856CE-7CB9-490C-B66A-F311527AC98E}
		{4B5278F4-E98F-46C6-ADBE-34CA5A74CE92} = {4B5278F4-E98F-46C6-ADBE-34CA5A74CE92}
	EndProjectSection
EndProject
Project("{FAE04EC0-301F-11D3-BF4B-00C04F79EFBC}") = "Pecuniaus.Resources", "Pecuniaus.Resources\Pecuniaus.Resources.csproj", "{D7C928D5-DF6E-481D-81EE-2CEDA62980BF}"
EndProject
Project("{FAE04EC0-301F-11D3-BF4B-00C04F79EFBC}") = "Contract", "Pecuniaus.Web\Areas\Contract\Contract.csproj", "{4B5278F4-E98F-46C6-ADBE-34CA5A74CE92}"
EndProject
Project("{2150E333-8FDC-42A3-9474-1A3956D46DE8}") = "Modules", "Modules", "{33F54495-FE65-445D-B85E-93B7F3010955}"
EndProject
Project("{FAE04EC0-301F-11D3-BF4B-00C04F79EFBC}") = "MerchantProfile", "Pecuniaus.Web\Areas\MerchantProfile\MerchantProfile.csproj", "{6B42BE7E-8C83-4845-81B4-E5CB1678C2EC}"
EndProject
Project("{FAE04EC0-301F-11D3-BF4B-00C04F79EFBC}") = "Pecuniaus.ApiHelper", "Pecuniaus.ApiHelper\Pecuniaus.ApiHelper.csproj", "{F016BF88-4E56-43F5-8D97-34ED681BC4C1}"
EndProject
Project("{FAE04EC0-301F-11D3-BF4B-00C04F79EFBC}") = "Models", "Models\Models.csproj", "{C3759FBA-C734-41FF-996B-2BE9DB9BDC7A}"
EndProject
Project("{FAE04EC0-301F-11D3-BF4B-00C04F79EFBC}") = "Common", "Pecuniaus.Web\Areas\Common\Common.csproj", "{3B0856CE-7CB9-490C-B66A-F311527AC98E}"
EndProject
Project("{FAE04EC0-301F-11D3-BF4B-00C04F79EFBC}") = "UICore", "UICore\UICore.csproj", "{C9F7BD37-087A-4C78-B827-FDE9BC3BA55B}"
EndProject
Project("{FAE04EC0-301F-11D3-BF4B-00C04F79EFBC}") = "Finance", "Pecuniaus.Web\Areas\Finance\Finance.csproj", "{B2BAEBC9-9AA1-4303-919F-20F91AA49BE8}"
EndProject
Project("{FAE04EC0-301F-11D3-BF4B-00C04F79EFBC}") = "Collection", "Pecuniaus.Web\Areas\Collection\Collection.csproj", "{8314C5A0-2794-4135-8B53-9D66F0AE0E1E}"
EndProject
Project("{FAE04EC0-301F-11D3-BF4B-00C04F79EFBC}") = "Pecuniaus.Utilities", "Pecuniaus.Utilities\Pecuniaus.Utilities.csproj", "{5235B54D-AC38-4104-8F1F-216FF78BC178}"
EndProject
Project("{FAE04EC0-301F-11D3-BF4B-00C04F79EFBC}") = "User", "Pecuniaus.Web\Areas\User\User.csproj", "{8A259E22-D763-4A53-A2B9-583A985616F9}"
EndProject
Project("{FAE04EC0-301F-11D3-BF4B-00C04F79EFBC}") = "Prequel", "Pecuniaus.Web\Areas\Prequel\Prequel.csproj", "{27CBF56F-9E32-4C16-974C-6C61EC94A5D0}"
EndProject
Project("{FAE04EC0-301F-11D3-BF4B-00C04F79EFBC}") = "Renewal", "Pecuniaus.Web\Areas\Renewal\Renewal.csproj", "{AE9BF60E-706A-47B7-B5D0-B475591625D9}"
EndProject
Project("{FAE04EC0-301F-11D3-BF4B-00C04F79EFBC}") = "Notification", "Pecuniaus.Web\Areas\Notification\Notification.csproj", "{5C95E137-F995-4AA0-AA45-2BD1AEF22ACB}"
EndProject
Project("{FAE04EC0-301F-11D3-BF4B-00C04F79EFBC}") = "Pecuniaus.Validations", "Pecuniaus.Validations\Pecuniaus.Validations.csproj", "{28235638-E7C7-4EAE-9E13-3C886361D5BB}"
EndProject
Project("{FAE04EC0-301F-11D3-BF4B-00C04F79EFBC}") = "Pecuniaus.AudioConvertor", "Pecuniaus.AudioConvertor\Pecuniaus.AudioConvertor.csproj", "{E63D2BB0-F611-4467-B5F1-0D63DD32E02F}"
EndProject
Project("{FAE04EC0-301F-11D3-BF4B-00C04F79EFBC}") = "Reports", "Pecuniaus.Web\Areas\Reports\Reports.csproj", "{227FCB7D-1B1F-4D0C-B316-95BAEB3A80F2}"
EndProject
Global
	GlobalSection(SolutionConfigurationPlatforms) = preSolution
		Debug|Any CPU = Debug|Any CPU
		Release|Any CPU = Release|Any CPU
	EndGlobalSection
	GlobalSection(ProjectConfigurationPlatforms) = postSolution
		{36F51BFF-4CF8-4D95-8F27-40802F5D9F16}.Debug|Any CPU.ActiveCfg = Debug|Any CPU
		{36F51BFF-4CF8-4D95-8F27-40802F5D9F16}.Debug|Any CPU.Build.0 = Debug|Any CPU
		{36F51BFF-4CF8-4D95-8F27-40802F5D9F16}.Release|Any CPU.ActiveCfg = Release|Any CPU
		{36F51BFF-4CF8-4D95-8F27-40802F5D9F16}.Release|Any CPU.Build.0 = Release|Any CPU
		{D7C928D5-DF6E-481D-81EE-2CEDA62980BF}.Debug|Any CPU.ActiveCfg = Debug|Any CPU
		{D7C928D5-DF6E-481D-81EE-2CEDA62980BF}.Debug|Any CPU.Build.0 = Debug|Any CPU
		{D7C928D5-DF6E-481D-81EE-2CEDA62980BF}.Release|Any CPU.ActiveCfg = Release|Any CPU
		{D7C928D5-DF6E-481D-81EE-2CEDA62980BF}.Release|Any CPU.Build.0 = Release|Any CPU
		{4B5278F4-E98F-46C6-ADBE-34CA5A74CE92}.Debug|Any CPU.ActiveCfg = Debug|Any CPU
		{4B5278F4-E98F-46C6-ADBE-34CA5A74CE92}.Debug|Any CPU.Build.0 = Debug|Any CPU
		{4B5278F4-E98F-46C6-ADBE-34CA5A74CE92}.Release|Any CPU.ActiveCfg = Release|Any CPU
		{4B5278F4-E98F-46C6-ADBE-34CA5A74CE92}.Release|Any CPU.Build.0 = Release|Any CPU
		{6B42BE7E-8C83-4845-81B4-E5CB1678C2EC}.Debug|Any CPU.ActiveCfg = Debug|Any CPU
		{6B42BE7E-8C83-4845-81B4-E5CB1678C2EC}.Debug|Any CPU.Build.0 = Debug|Any CPU
		{6B42BE7E-8C83-4845-81B4-E5CB1678C2EC}.Release|Any CPU.ActiveCfg = Release|Any CPU
		{6B42BE7E-8C83-4845-81B4-E5CB1678C2EC}.Release|Any CPU.Build.0 = Release|Any CPU
		{F016BF88-4E56-43F5-8D97-34ED681BC4C1}.Debug|Any CPU.ActiveCfg = Debug|Any CPU
		{F016BF88-4E56-43F5-8D97-34ED681BC4C1}.Debug|Any CPU.Build.0 = Debug|Any CPU
		{F016BF88-4E56-43F5-8D97-34ED681BC4C1}.Release|Any CPU.ActiveCfg = Release|Any CPU
		{F016BF88-4E56-43F5-8D97-34ED681BC4C1}.Release|Any CPU.Build.0 = Release|Any CPU
		{C3759FBA-C734-41FF-996B-2BE9DB9BDC7A}.Debug|Any CPU.ActiveCfg = Debug|Any CPU
		{C3759FBA-C734-41FF-996B-2BE9DB9BDC7A}.Debug|Any CPU.Build.0 = Debug|Any CPU
		{C3759FBA-C734-41FF-996B-2BE9DB9BDC7A}.Release|Any CPU.ActiveCfg = Release|Any CPU
		{C3759FBA-C734-41FF-996B-2BE9DB9BDC7A}.Release|Any CPU.Build.0 = Release|Any CPU
		{3B0856CE-7CB9-490C-B66A-F311527AC98E}.Debug|Any CPU.ActiveCfg = Debug|Any CPU
		{3B0856CE-7CB9-490C-B66A-F311527AC98E}.Debug|Any CPU.Build.0 = Debug|Any CPU
		{3B0856CE-7CB9-490C-B66A-F311527AC98E}.Release|Any CPU.ActiveCfg = Release|Any CPU
		{3B0856CE-7CB9-490C-B66A-F311527AC98E}.Release|Any CPU.Build.0 = Release|Any CPU
		{C9F7BD37-087A-4C78-B827-FDE9BC3BA55B}.Debug|Any CPU.ActiveCfg = Debug|Any CPU
		{C9F7BD37-087A-4C78-B827-FDE9BC3BA55B}.Debug|Any CPU.Build.0 = Debug|Any CPU
		{C9F7BD37-087A-4C78-B827-FDE9BC3BA55B}.Release|Any CPU.ActiveCfg = Release|Any CPU
		{C9F7BD37-087A-4C78-B827-FDE9BC3BA55B}.Release|Any CPU.Build.0 = Release|Any CPU
		{B2BAEBC9-9AA1-4303-919F-20F91AA49BE8}.Debug|Any CPU.ActiveCfg = Debug|Any CPU
		{B2BAEBC9-9AA1-4303-919F-20F91AA49BE8}.Debug|Any CPU.Build.0 = Debug|Any CPU
		{B2BAEBC9-9AA1-4303-919F-20F91AA49BE8}.Release|Any CPU.ActiveCfg = Release|Any CPU
		{B2BAEBC9-9AA1-4303-919F-20F91AA49BE8}.Release|Any CPU.Build.0 = Release|Any CPU
		{8314C5A0-2794-4135-8B53-9D66F0AE0E1E}.Debug|Any CPU.ActiveCfg = Debug|Any CPU
		{8314C5A0-2794-4135-8B53-9D66F0AE0E1E}.Debug|Any CPU.Build.0 = Debug|Any CPU
		{8314C5A0-2794-4135-8B53-9D66F0AE0E1E}.Release|Any CPU.ActiveCfg = Release|Any CPU
		{8314C5A0-2794-4135-8B53-9D66F0AE0E1E}.Release|Any CPU.Build.0 = Release|Any CPU
		{5235B54D-AC38-4104-8F1F-216FF78BC178}.Debug|Any CPU.ActiveCfg = Debug|Any CPU
		{5235B54D-AC38-4104-8F1F-216FF78BC178}.Debug|Any CPU.Build.0 = Debug|Any CPU
		{5235B54D-AC38-4104-8F1F-216FF78BC178}.Release|Any CPU.ActiveCfg = Release|Any CPU
		{5235B54D-AC38-4104-8F1F-216FF78BC178}.Release|Any CPU.Build.0 = Release|Any CPU
		{8A259E22-D763-4A53-A2B9-583A985616F9}.Debug|Any CPU.ActiveCfg = Debug|Any CPU
		{8A259E22-D763-4A53-A2B9-583A985616F9}.Debug|Any CPU.Build.0 = Debug|Any CPU
		{8A259E22-D763-4A53-A2B9-583A985616F9}.Release|Any CPU.ActiveCfg = Release|Any CPU
		{8A259E22-D763-4A53-A2B9-583A985616F9}.Release|Any CPU.Build.0 = Release|Any CPU
		{27CBF56F-9E32-4C16-974C-6C61EC94A5D0}.Debug|Any CPU.ActiveCfg = Debug|Any CPU
		{27CBF56F-9E32-4C16-974C-6C61EC94A5D0}.Debug|Any CPU.Build.0 = Debug|Any CPU
		{27CBF56F-9E32-4C16-974C-6C61EC94A5D0}.Release|Any CPU.ActiveCfg = Release|Any CPU
		{27CBF56F-9E32-4C16-974C-6C61EC94A5D0}.Release|Any CPU.Build.0 = Release|Any CPU
		{AE9BF60E-706A-47B7-B5D0-B475591625D9}.Debug|Any CPU.ActiveCfg = Debug|Any CPU
		{AE9BF60E-706A-47B7-B5D0-B475591625D9}.Debug|Any CPU.Build.0 = Debug|Any CPU
		{AE9BF60E-706A-47B7-B5D0-B475591625D9}.Release|Any CPU.ActiveCfg = Release|Any CPU
		{AE9BF60E-706A-47B7-B5D0-B475591625D9}.Release|Any CPU.Build.0 = Release|Any CPU
		{5C95E137-F995-4AA0-AA45-2BD1AEF22ACB}.Debug|Any CPU.ActiveCfg = Debug|Any CPU
		{5C95E137-F995-4AA0-AA45-2BD1AEF22ACB}.Debug|Any CPU.Build.0 = Debug|Any CPU
		{5C95E137-F995-4AA0-AA45-2BD1AEF22ACB}.Release|Any CPU.ActiveCfg = Release|Any CPU
		{5C95E137-F995-4AA0-AA45-2BD1AEF22ACB}.Release|Any CPU.Build.0 = Release|Any CPU
		{28235638-E7C7-4EAE-9E13-3C886361D5BB}.Debug|Any CPU.ActiveCfg = Debug|Any CPU
		{28235638-E7C7-4EAE-9E13-3C886361D5BB}.Debug|Any CPU.Build.0 = Debug|Any CPU
		{28235638-E7C7-4EAE-9E13-3C886361D5BB}.Release|Any CPU.ActiveCfg = Release|Any CPU
		{28235638-E7C7-4EAE-9E13-3C886361D5BB}.Release|Any CPU.Build.0 = Release|Any CPU
		{E63D2BB0-F611-4467-B5F1-0D63DD32E02F}.Debug|Any CPU.ActiveCfg = Debug|Any CPU
		{E63D2BB0-F611-4467-B5F1-0D63DD32E02F}.Debug|Any CPU.Build.0 = Debug|Any CPU
		{E63D2BB0-F611-4467-B5F1-0D63DD32E02F}.Release|Any CPU.ActiveCfg = Release|Any CPU
		{E63D2BB0-F611-4467-B5F1-0D63DD32E02F}.Release|Any CPU.Build.0 = Release|Any CPU
		{227FCB7D-1B1F-4D0C-B316-95BAEB3A80F2}.Debug|Any CPU.ActiveCfg = Debug|Any CPU
		{227FCB7D-1B1F-4D0C-B316-95BAEB3A80F2}.Debug|Any CPU.Build.0 = Debug|Any CPU
		{227FCB7D-1B1F-4D0C-B316-95BAEB3A80F2}.Release|Any CPU.ActiveCfg = Release|Any CPU
		{227FCB7D-1B1F-4D0C-B316-95BAEB3A80F2}.Release|Any CPU.Build.0 = Release|Any CPU
	EndGlobalSection
	GlobalSection(SolutionProperties) = preSolution
		HideSolutionNode = FALSE
	EndGlobalSection
	GlobalSection(NestedProjects) = preSolution
		{4B5278F4-E98F-46C6-ADBE-34CA5A74CE92} = {33F54495-FE65-445D-B85E-93B7F3010955}
		{6B42BE7E-8C83-4845-81B4-E5CB1678C2EC} = {33F54495-FE65-445D-B85E-93B7F3010955}
		{3B0856CE-7CB9-490C-B66A-F311527AC98E} = {33F54495-FE65-445D-B85E-93B7F3010955}
		{B2BAEBC9-9AA1-4303-919F-20F91AA49BE8} = {33F54495-FE65-445D-B85E-93B7F3010955}
		{8314C5A0-2794-4135-8B53-9D66F0AE0E1E} = {33F54495-FE65-445D-B85E-93B7F3010955}
		{8A259E22-D763-4A53-A2B9-583A985616F9} = {33F54495-FE65-445D-B85E-93B7F3010955}
		{27CBF56F-9E32-4C16-974C-6C61EC94A5D0} = {33F54495-FE65-445D-B85E-93B7F3010955}
		{AE9BF60E-706A-47B7-B5D0-B475591625D9} = {33F54495-FE65-445D-B85E-93B7F3010955}
		{5C95E137-F995-4AA0-AA45-2BD1AEF22ACB} = {33F54495-FE65-445D-B85E-93B7F3010955}
		{227FCB7D-1B1F-4D0C-B316-95BAEB3A80F2} = {33F54495-FE65-445D-B85E-93B7F3010955}
	EndGlobalSection
EndGlobal
